
Microsoft Visual Studio Solution File, Format Version 12.00
# Visual Studio 2012
Project("{2150E333-8FDC-42A3-9474-1A3956D46DE8}") = "service", "service", "{75041C94-DB46-444A-A0FC-3D6FFD15ADDE}"
EndProject
Project("{8BC9CEB8-8B4A-11D0-8D11-00A0C91BC942}") = "servicebox", "servicebox\servicebox.vcxproj", "{A8201B64-EE42-460E-B384-5A06370D31B4}"
EndProject
Global
	GlobalSection(SolutionConfigurationPlatforms) = preSolution
		Debug|Win32 = Debug|Win32
		Release|Win32 = Release|Win32
	EndGlobalSection
	GlobalSection(ProjectConfigurationPlatforms) = postSolution
		{A8201B64-EE42-460E-B384-5A06370D31B4}.Debug|Win32.ActiveCfg = Debug|Win32
		{A8201B64-EE42-460E-B384-5A06370D31B4}.Debug|Win32.Build.0 = Debug|Win32
		{A8201B64-EE42-460E-B384-5A06370D31B4}.Release|Win32.ActiveCfg = Release|Win32
		{A8201B64-EE42-460E-B384-5A06370D31B4}.Release|Win32.Build.0 = Release|Win32
	EndGlobalSection
	GlobalSection(SolutionProperties) = preSolution
		HideSolutionNode = FALSE
	EndGlobalSection
EndGlobal
