<?xml version="1.0" encoding="utf-8"?>
<Project ToolsVersion="4.0" xmlns="http://schemas.microsoft.com/developer/msbuild/2003">
  <ItemGroup>
    <Filter Include="Source Files">
      <UniqueIdentifier>{4FC737F1-C7A5-4376-A066-2A32D752A2FF}</UniqueIdentifier>
      <Extensions>cpp;c;cc;cxx;def;odl;idl;hpj;bat;asm;asmx</Extensions>
    </Filter>
    <Filter Include="Resource Files">
      <UniqueIdentifier>{67DA6AB6-F800-4c08-8B7A-83BB121AAD01}</UniqueIdentifier>
      <Extensions>rc;ico;cur;bmp;dlg;rc2;rct;bin;rgs;gif;jpg;jpeg;jpe;resx;tiff;tif;png;wav;mfcribbon-ms</Extensions>
    </Filter>
    <Filter Include="Source Files\scene">
      <UniqueIdentifier>{cba56fb2-4b7f-4032-8687-7151337857b2}</UniqueIdentifier>
    </Filter>
    <Filter Include="Source Files\engine">
      <UniqueIdentifier>{80aaa9b7-fd3d-4fc7-819b-1eab798610d6}</UniqueIdentifier>
    </Filter>
    <Filter Include="Source Files\control">
      <UniqueIdentifier>{eb4e6322-b19a-4a2d-a3e9-8707d14640b7}</UniqueIdentifier>
    </Filter>
    <Filter Include="import">
      <UniqueIdentifier>{f027cff5-4f6c-41a9-b902-0d8a003b5a73}</UniqueIdentifier>
    </Filter>
    <Filter Include="import\tinyxml2.6">
      <UniqueIdentifier>{3e206562-bd67-454f-8214-b07703034a05}</UniqueIdentifier>
    </Filter>
    <Filter Include="include">
      <UniqueIdentifier>{43fb8e2b-ad22-418e-a039-3ac370241175}</UniqueIdentifier>
    </Filter>
    <Filter Include="include\xmessage">
      <UniqueIdentifier>{4b742a6c-2253-429d-806c-73cbb46ae83d}</UniqueIdentifier>
    </Filter>
    <Filter Include="include\xmessage\msgdatavalue">
      <UniqueIdentifier>{5441e325-0548-4a59-b6c0-327f0f2898a8}</UniqueIdentifier>
    </Filter>
    <Filter Include="Source Files\control\control_object">
      <UniqueIdentifier>{29405668-ccd4-43d7-9fa4-8baa9540e771}</UniqueIdentifier>
    </Filter>
    <Filter Include="Source Files\game_object">
      <UniqueIdentifier>{9a94c6bf-71c9-4491-b952-45d52dd67648}</UniqueIdentifier>
    </Filter>
    <Filter Include="Source Files\game_object\map">
      <UniqueIdentifier>{f9279223-ab6d-4e8a-bcbb-b8ac73edff06}</UniqueIdentifier>
    </Filter>
    <Filter Include="Source Files\game_object\people">
      <UniqueIdentifier>{a3fbafcd-3a5f-4bc5-a83b-1edf9b2772b9}</UniqueIdentifier>
    </Filter>
    <Filter Include="Source Files\game_object\item">
      <UniqueIdentifier>{106c2b70-b07e-45bc-88f6-ffed500cceb2}</UniqueIdentifier>
    </Filter>
    <Filter Include="Source Files\resource">
      <UniqueIdentifier>{af0173ef-fc53-478f-959b-9017cae6f38c}</UniqueIdentifier>
    </Filter>
    <Filter Include="include\utils">
      <UniqueIdentifier>{d8139e6d-7c56-4f11-8f87-bb76995990c8}</UniqueIdentifier>
    </Filter>
    <Filter Include="Source Files\resource\xml">
      <UniqueIdentifier>{7cef44db-4be9-4752-ad74-aa35e1111519}</UniqueIdentifier>
    </Filter>
    <Filter Include="Source Files\control\pool">
      <UniqueIdentifier>{b1c8ac01-118b-4d40-bdc0-f1066191712d}</UniqueIdentifier>
    </Filter>
    <Filter Include="Source Files\game_object\gui">
      <UniqueIdentifier>{77b46ea3-aa20-4af8-a31d-723a21dee40d}</UniqueIdentifier>
    </Filter>
    <Filter Include="Source Files\game_object\gui\start_menu">
      <UniqueIdentifier>{cefd6fa6-efaa-4e6a-9c81-56e2b10072a5}</UniqueIdentifier>
    </Filter>
    <Filter Include="Source Files\game_object\gui\edit_box">
      <UniqueIdentifier>{6a11000c-bbdb-4ab1-be4d-472c55799c4e}</UniqueIdentifier>
    </Filter>
  </ItemGroup>
  <ItemGroup>
    <ClCompile Include="..\..\..\include\xmessage\buffermessage.cpp">
      <Filter>include\xmessage</Filter>
    </ClCompile>
    <ClCompile Include="..\..\..\include\xmessage\cmessage.cpp">
      <Filter>include\xmessage</Filter>
    </ClCompile>
    <ClCompile Include="..\..\..\include\xmessage\message2pack.cpp">
      <Filter>include\xmessage</Filter>
    </ClCompile>
    <ClCompile Include="..\..\..\include\xmessage\message2parser.cpp">
      <Filter>include\xmessage</Filter>
    </ClCompile>
    <ClCompile Include="..\..\..\include\xmessage\parsermessageXML.cpp">
      <Filter>include\xmessage</Filter>
    </ClCompile>
    <ClCompile Include="..\..\..\include\xmessage\xmlobject.cpp">
      <Filter>include\xmessage</Filter>
    </ClCompile>
    <ClCompile Include="..\..\..\include\xmessage\msgdatavalue\arraydata.cpp">
      <Filter>include\xmessage\msgdatavalue</Filter>
    </ClCompile>
    <ClCompile Include="..\..\..\include\xmessage\msgdatavalue\stringdata.cpp">
      <Filter>include\xmessage\msgdatavalue</Filter>
    </ClCompile>
    <ClCompile Include="..\..\..\include\xmessage\msgdatavalue\msgdatavalue.cpp">
      <Filter>include\xmessage\msgdatavalue</Filter>
    </ClCompile>
    <ClCompile Include="..\..\..\import\tinyxml-2.6.2\tinyxml.cpp">
      <Filter>import\tinyxml2.6</Filter>
    </ClCompile>
    <ClCompile Include="..\..\..\import\tinyxml-2.6.2\tinyxmlerror.cpp">
      <Filter>import\tinyxml2.6</Filter>
    </ClCompile>
    <ClCompile Include="..\..\..\import\tinyxml-2.6.2\tinyxmlparser.cpp">
      <Filter>import\tinyxml2.6</Filter>
    </ClCompile>
    <ClCompile Include="control\game_controler.cpp">
      <Filter>Source Files\control</Filter>
    </ClCompile>
    <ClCompile Include="engine\input_engine.cpp">
      <Filter>Source Files\engine</Filter>
    </ClCompile>
    <ClCompile Include="engine\scene_engine.cpp">
      <Filter>Source Files\engine</Filter>
    </ClCompile>
    <ClCompile Include="scene\menu_scene.cpp">
      <Filter>Source Files\scene</Filter>
    </ClCompile>
    <ClCompile Include="scene\play_scene.cpp">
      <Filter>Source Files\scene</Filter>
    </ClCompile>
    <ClCompile Include="zeus_client.cpp">
      <Filter>Source Files</Filter>
    </ClCompile>
    <ClCompile Include="control\control_object\out_text.cpp">
      <Filter>Source Files\control\control_object</Filter>
    </ClCompile>
    <ClCompile Include="game_object\people\player_role.cpp">
      <Filter>Source Files\game_object\people</Filter>
    </ClCompile>
    <ClCompile Include="game_object\map\game_map.cpp">
      <Filter>Source Files\game_object\map</Filter>
    </ClCompile>
    <ClCompile Include="control\control_object\texture_object.cpp">
      <Filter>Source Files\control\control_object</Filter>
    </ClCompile>
    <ClCompile Include="control\control_object\animation_object.cpp">
      <Filter>Source Files\control\control_object</Filter>
    </ClCompile>
    <ClCompile Include="game_object\people\role.cpp">
      <Filter>Source Files\game_object\people</Filter>
    </ClCompile>
    <ClCompile Include="engine\game_engine.cpp">
      <Filter>Source Files\engine</Filter>
    </ClCompile>
    <ClCompile Include="engine\texture_engine.cpp">
      <Filter>Source Files\engine</Filter>
    </ClCompile>
    <ClCompile Include="engine\graphics_engine.cpp">
      <Filter>Source Files\engine</Filter>
    </ClCompile>
    <ClCompile Include="..\..\..\include\utils\utils.cpp">
      <Filter>include\utils</Filter>
    </ClCompile>
    <ClCompile Include="resource\xml_list.cpp">
      <Filter>Source Files\resource\xml</Filter>
    </ClCompile>
    <ClCompile Include="resource\cpicturexml_parse.cpp">
      <Filter>Source Files\resource\xml</Filter>
    </ClCompile>
    <ClCompile Include="control\pool\picture_pool.cpp">
      <Filter>Source Files\control\pool</Filter>
    </ClCompile>
    <ClCompile Include="control\control_object\font_object.cpp">
      <Filter>Source Files\control\control_object</Filter>
    </ClCompile>
    <ClCompile Include="scene\about_scene.cpp">
      <Filter>Source Files\scene</Filter>
    </ClCompile>
    <ClCompile Include="game_object\gui\start_menu\srat_menu_item.cpp">
      <Filter>Source Files\game_object\gui\start_menu</Filter>
    </ClCompile>
    <ClCompile Include="game_object\gui\start_menu\start_menu.cpp">
      <Filter>Source Files\game_object\gui\start_menu</Filter>
    </ClCompile>
    <ClCompile Include="game_object\gui\editbox\edit_box.cpp">
      <Filter>Source Files\game_object\gui\edit_box</Filter>
    </ClCompile>
    <ClCompile Include="scene\create_player_scene.cpp">
      <Filter>Source Files\scene</Filter>
    </ClCompile>
  </ItemGroup>
  <ItemGroup>
    <ClInclude Include="scene\scene.h">
      <Filter>Source Files\scene</Filter>
    </ClInclude>
    <ClInclude Include="globaldef.h">
      <Filter>Source Files</Filter>
    </ClInclude>
    <ClInclude Include="..\..\..\include\xmessage\buffermessage.h">
      <Filter>include\xmessage</Filter>
    </ClInclude>
    <ClInclude Include="..\..\..\include\xmessage\cmessage.h">
      <Filter>include\xmessage</Filter>
    </ClInclude>
    <ClInclude Include="..\..\..\include\xmessage\ibasemessage.h">
      <Filter>include\xmessage</Filter>
    </ClInclude>
    <ClInclude Include="..\..\..\include\xmessage\ireadmessage.h">
      <Filter>include\xmessage</Filter>
    </ClInclude>
    <ClInclude Include="..\..\..\include\xmessage\iwritemessage.h">
      <Filter>include\xmessage</Filter>
    </ClInclude>
    <ClInclude Include="..\..\..\include\xmessage\message2pack.h">
      <Filter>include\xmessage</Filter>
    </ClInclude>
    <ClInclude Include="..\..\..\include\xmessage\message2parser.h">
      <Filter>include\xmessage</Filter>
    </ClInclude>
    <ClInclude Include="..\..\..\include\xmessage\messagedef.h">
      <Filter>include\xmessage</Filter>
    </ClInclude>
    <ClInclude Include="..\..\..\include\xmessage\parsermessageXML.h">
      <Filter>include\xmessage</Filter>
    </ClInclude>
    <ClInclude Include="..\..\..\include\xmessage\xmlobject.h">
      <Filter>include\xmessage</Filter>
    </ClInclude>
    <ClInclude Include="..\..\..\include\xmessage\msgdatavalue\arraydata.h">
      <Filter>include\xmessage\msgdatavalue</Filter>
    </ClInclude>
    <ClInclude Include="..\..\..\include\xmessage\msgdatavalue\stringdata.h">
      <Filter>include\xmessage\msgdatavalue</Filter>
    </ClInclude>
    <ClInclude Include="..\..\..\include\xmessage\msgdatavalue\numdata.hpp">
      <Filter>include\xmessage\msgdatavalue</Filter>
    </ClInclude>
    <ClInclude Include="..\..\..\include\xmessage\msgdatavalue\msgdatavalue.h">
      <Filter>include\xmessage\msgdatavalue</Filter>
    </ClInclude>
    <ClInclude Include="..\..\..\import\tinyxml-2.6.2\tinyxml.h">
      <Filter>import\tinyxml2.6</Filter>
    </ClInclude>
    <ClInclude Include="control\game_controler.h">
      <Filter>Source Files\control</Filter>
    </ClInclude>
    <ClInclude Include="engine\input_engine.h">
      <Filter>Source Files\engine</Filter>
    </ClInclude>
    <ClInclude Include="engine\scene_engine.h">
      <Filter>Source Files\engine</Filter>
    </ClInclude>
    <ClInclude Include="scene\menu_scene.h">
      <Filter>Source Files\scene</Filter>
    </ClInclude>
    <ClInclude Include="scene\play_scene.h">
      <Filter>Source Files\scene</Filter>
    </ClInclude>
    <ClInclude Include="control\control_object\out_text.h">
      <Filter>Source Files\control\control_object</Filter>
    </ClInclude>
    <ClInclude Include="game_object\sprite.h">
      <Filter>Source Files\game_object</Filter>
    </ClInclude>
    <ClInclude Include="game_object\people\player_role.h">
      <Filter>Source Files\game_object\people</Filter>
    </ClInclude>
    <ClInclude Include="game_object\map\game_map.h">
      <Filter>Source Files\game_object\map</Filter>
    </ClInclude>
    <ClInclude Include="control\control_object\texture_object.h">
      <Filter>Source Files\control\control_object</Filter>
    </ClInclude>
    <ClInclude Include="control\control_object\animation_object.h">
      <Filter>Source Files\control\control_object</Filter>
    </ClInclude>
    <ClInclude Include="game_object\people\role.h">
      <Filter>Source Files\game_object\people</Filter>
    </ClInclude>
    <ClInclude Include="engine\game_engine.h">
      <Filter>Source Files\engine</Filter>
    </ClInclude>
    <ClInclude Include="engine\iengine.h">
      <Filter>Source Files\engine</Filter>
    </ClInclude>
    <ClInclude Include="engine\texture_engine.h">
      <Filter>Source Files\engine</Filter>
    </ClInclude>
    <ClInclude Include="engine\graphics_engine.h">
      <Filter>Source Files\engine</Filter>
    </ClInclude>
    <ClInclude Include="..\..\..\include\utils\utils.h">
      <Filter>include\utils</Filter>
    </ClInclude>
    <ClInclude Include="resource\xml_list_object.h">
      <Filter>Source Files\resource\xml</Filter>
    </ClInclude>
    <ClInclude Include="resource\xml_list.h">
      <Filter>Source Files\resource\xml</Filter>
    </ClInclude>
    <ClInclude Include="resource\cpicturexml_parse.h">
      <Filter>Source Files\resource\xml</Filter>
    </ClInclude>
    <ClInclude Include="resource\cpicturexml.h">
      <Filter>Source Files\resource\xml</Filter>
    </ClInclude>
    <ClInclude Include="resource\parse_def.h">
      <Filter>Source Files\resource\xml</Filter>
    </ClInclude>
    <ClInclude Include="..\..\..\include\utils\singleton.h">
      <Filter>include\utils</Filter>
    </ClInclude>
    <ClInclude Include="control\pool\picture_pool.h">
      <Filter>Source Files\control\pool</Filter>
    </ClInclude>
    <ClInclude Include="scene\about_scene.h">
      <Filter>Source Files\scene</Filter>
    </ClInclude>
    <ClInclude Include="game_object\gui\gui_item.h">
      <Filter>Source Files\game_object\gui</Filter>
    </ClInclude>
    <ClInclude Include="control\control_object\font_object.h">
      <Filter>Source Files\control\control_object</Filter>
    </ClInclude>
    <ClInclude Include="game_object\gui\start_menu\start_menu.h">
      <Filter>Source Files\game_object\gui\start_menu</Filter>
    </ClInclude>
    <ClInclude Include="game_object\gui\start_menu\start_menu_item.h">
      <Filter>Source Files\game_object\gui\start_menu</Filter>
    </ClInclude>
    <ClInclude Include="game_object\gui\editbox\edit_box.h">
      <Filter>Source Files\game_object\gui\edit_box</Filter>
    </ClInclude>
    <ClInclude Include="scene\create_player_scene.h">
      <Filter>Source Files\scene</Filter>
    </ClInclude>
  </ItemGroup>
</Project>