<?xml version="1.0" encoding="utf-8"?>
<Project ToolsVersion="4.0" xmlns="http://schemas.microsoft.com/developer/msbuild/2003">
  <ItemGroup>
    <ClCompile Include="service_box.cpp" />
  </ItemGroup>
  <ItemGroup>
    <Filter Include="common">
      <UniqueIdentifier>{a001a903-f163-4e56-9b38-619d47138080}</UniqueIdentifier>
    </Filter>
  </ItemGroup>
  <ItemGroup>
    <ClInclude Include="service.h">
      <Filter>common</Filter>
    </ClInclude>
    <ClInclude Include="share_library.hpp">
      <Filter>common</Filter>
    </ClInclude>
    <ClInclude Include="service_manager.h" />
  </ItemGroup>
</Project>