<?xml version="1.0" encoding="utf-8"?>
<Project ToolsVersion="4.0" xmlns="http://schemas.microsoft.com/developer/msbuild/2003">
  <ItemGroup>
    <ClInclude Include="net_utils.h" />
    <ClInclude Include="acceptor.hpp">
      <Filter>net</Filter>
    </ClInclude>
    <ClInclude Include="inet_address.hpp">
      <Filter>net</Filter>
    </ClInclude>
    <ClInclude Include="tcp_server.hpp">
      <Filter>net</Filter>
    </ClInclude>
    <ClInclude Include="local_free_on_destruction.hpp">
      <Filter>error</Filter>
    </ClInclude>
    <ClInclude Include="tcp_connection.hpp">
      <Filter>net</Filter>
    </ClInclude>
    <ClInclude Include="zeus_net_def.h">
      <Filter>net</Filter>
    </ClInclude>
    <ClInclude Include="buffer.hpp">
      <Filter>base</Filter>
    </ClInclude>
  </ItemGroup>
  <ItemGroup>
    <ClCompile Include="zeus_net.cpp" />
    <ClCompile Include="error_code.cpp">
      <Filter>error</Filter>
    </ClCompile>
  </ItemGroup>
  <ItemGroup>
    <Filter Include="net">
      <UniqueIdentifier>{8aeaa3aa-664a-4fae-bad2-03e63c710d9e}</UniqueIdentifier>
    </Filter>
    <Filter Include="error">
      <UniqueIdentifier>{97998b92-d59f-424e-82e0-adf99df36696}</UniqueIdentifier>
    </Filter>
    <Filter Include="base">
      <UniqueIdentifier>{467e1468-131f-4de7-a3db-b61673e0daa4}</UniqueIdentifier>
    </Filter>
  </ItemGroup>
</Project>