<?xml version="1.0" encoding="utf-8"?>
<Project ToolsVersion="4.0" xmlns="http://schemas.microsoft.com/developer/msbuild/2003">
  <ItemGroup>
    <ClInclude Include="..\..\..\src\zeus_net\local_free_on_destruction.hpp" />
    <ClInclude Include="..\..\..\src\zeus_net\net_utils.h" />
    <ClInclude Include="..\..\..\src\zeus_net\tcp_connection.h" />
    <ClInclude Include="..\..\..\src\zeus_net\tcp_server.h" />
    <ClInclude Include="..\..\..\src\zeus_net\zeus_net_def.h" />
    <ClInclude Include="..\..\..\src\zeus_net\acceptor.h" />
    <ClInclude Include="..\..\..\src\zeus_net\buffer.hpp" />
    <ClInclude Include="..\..\..\src\zeus_net\callbacks.h" />
    <ClInclude Include="..\..\..\src\zeus_net\inet_address.hpp" />
  </ItemGroup>
  <ItemGroup>
    <ClCompile Include="..\..\..\src\zeus_net\tcp_connection.cpp" />
    <ClCompile Include="..\..\..\src\zeus_net\tcp_server.cpp" />
    <ClCompile Include="..\..\..\src\zeus_net\acceptor.cpp" />
    <ClCompile Include="..\..\..\src\zeus_net\error_code.cpp" />
  </ItemGroup>
</Project>