<?xml version="1.0" encoding="utf-8"?>
<Project ToolsVersion="4.0" xmlns="http://schemas.microsoft.com/developer/msbuild/2003">
  <ItemGroup>
    <ClInclude Include="..\..\..\src\zeus_net\local_free_on_destruction.hpp">
      <Filter>asio_error</Filter>
    </ClInclude>
    <ClInclude Include="..\..\..\src\zeus_net\acceptor.h">
      <Filter>network</Filter>
    </ClInclude>
    <ClInclude Include="..\..\..\src\zeus_net\inet_address.hpp">
      <Filter>network</Filter>
    </ClInclude>
    <ClInclude Include="..\..\..\src\zeus_net\network_packet_handler.h">
      <Filter>network</Filter>
    </ClInclude>
    <ClInclude Include="..\..\..\src\zeus_net\tcp_connection.h">
      <Filter>network</Filter>
    </ClInclude>
    <ClInclude Include="..\..\..\src\zeus_net\tcp_server.h">
      <Filter>network</Filter>
    </ClInclude>
    <ClInclude Include="..\..\..\src\zeus_net\zeus_net_def.h">
      <Filter>network</Filter>
    </ClInclude>
    <ClInclude Include="..\..\..\src\zeus_net\io_service.h">
      <Filter>network</Filter>
    </ClInclude>
    <ClInclude Include="..\..\..\src\zeus_net\byte_buffer.hpp">
      <Filter>base</Filter>
    </ClInclude>
    <ClInclude Include="..\..\..\src\zeus_net\net_utils.h">
      <Filter>base</Filter>
    </ClInclude>
  </ItemGroup>
  <ItemGroup>
    <ClCompile Include="..\..\..\src\zeus_net\error_code.cpp">
      <Filter>asio_error</Filter>
    </ClCompile>
    <ClCompile Include="..\..\..\src\zeus_net\acceptor.cpp">
      <Filter>network</Filter>
    </ClCompile>
    <ClCompile Include="..\..\..\src\zeus_net\tcp_connection.cpp">
      <Filter>network</Filter>
    </ClCompile>
    <ClCompile Include="..\..\..\src\zeus_net\tcp_server.cpp">
      <Filter>network</Filter>
    </ClCompile>
  </ItemGroup>
  <ItemGroup>
    <Filter Include="asio_error">
      <UniqueIdentifier>{098bc669-e909-462f-81fb-44d464170cd8}</UniqueIdentifier>
    </Filter>
    <Filter Include="network">
      <UniqueIdentifier>{4b1cd616-80e9-4f0e-b01c-b43df83e88d9}</UniqueIdentifier>
    </Filter>
    <Filter Include="base">
      <UniqueIdentifier>{c2e0bbba-929f-4be8-a873-9607eb2add9c}</UniqueIdentifier>
    </Filter>
  </ItemGroup>
</Project>